
Microsoft Visual Studio Solution File, Format Version 12.00
# Visual Studio Version 17
VisualStudioVersion = 17.4.33110.190
MinimumVisualStudioVersion = 10.0.40219.1
Project("{9A19103F-16F7-4668-BE54-9A1E7A4F7556}") = "AdminBlog", "..\admin-blog-master\AdminBlog.csproj", "{B64E5B87-6A5D-4BC9-8666-C98BF3A5FDF6}"
EndProject
Global
	GlobalSection(SolutionConfigurationPlatforms) = preSolution
		Debug|Any CPU = Debug|Any CPU
		Release|Any CPU = Release|Any CPU
	EndGlobalSection
	GlobalSection(ProjectConfigurationPlatforms) = postSolution
		{B64E5B87-6A5D-4BC9-8666-C98BF3A5FDF6}.Debug|Any CPU.ActiveCfg = Debug|Any CPU
		{B64E5B87-6A5D-4BC9-8666-C98BF3A5FDF6}.Debug|Any CPU.Build.0 = Debug|Any CPU
		{B64E5B87-6A5D-4BC9-8666-C98BF3A5FDF6}.Release|Any CPU.ActiveCfg = Release|Any CPU
		{B64E5B87-6A5D-4BC9-8666-C98BF3A5FDF6}.Release|Any CPU.Build.0 = Release|Any CPU
	EndGlobalSection
	GlobalSection(SolutionProperties) = preSolution
		HideSolutionNode = FALSE
	EndGlobalSection
	GlobalSection(ExtensibilityGlobals) = postSolution
		SolutionGuid = {1BE6EBD0-5EAB-470A-8040-821C587CCC50}
	EndGlobalSection
EndGlobal
